// !$*UTF8*$!
{
	archiveVersion = 1;
	classes = {
	};
	objectVersion = 50;
	objects = {

/* Begin PBXBuildFile section */
		AAA1C40A24CDC4210078FFA3 /* AppDelegate.swift in Sources */ = {isa = PBXBuildFile; fileRef = AAA1C40924CDC4210078FFA3 /* AppDelegate.swift */; };
		AAA1C40C24CDC4210078FFA3 /* SceneDelegate.swift in Sources */ = {isa = PBXBuildFile; fileRef = AAA1C40B24CDC4210078FFA3 /* SceneDelegate.swift */; };
		AAA1C40E24CDC4210078FFA3 /* ViewController.swift in Sources */ = {isa = PBXBuildFile; fileRef = AAA1C40D24CDC4210078FFA3 /* ViewController.swift */; };
		AAA1C41124CDC4210078FFA3 /* Main.storyboard in Resources */ = {isa = PBXBuildFile; fileRef = AAA1C40F24CDC4210078FFA3 /* Main.storyboard */; };
		AAA1C41324CDC4240078FFA3 /* Assets.xcassets in Resources */ = {isa = PBXBuildFile; fileRef = AAA1C41224CDC4240078FFA3 /* Assets.xcassets */; };
		AAA1C41624CDC4240078FFA3 /* LaunchScreen.storyboard in Resources */ = {isa = PBXBuildFile; fileRef = AAA1C41424CDC4240078FFA3 /* LaunchScreen.storyboard */; };
		E0B0C8B954AD788982E36A5A /* Pods_BirthdayReminder.framework in Frameworks */ = {isa = PBXBuildFile; fileRef = 6E613E6C24EA5FD4F108D50A /* Pods_BirthdayReminder.framework */; };
/* End PBXBuildFile section */

/* Begin PBXFileReference section */
		13119B05AA391B1729C370B7 /* Pods-BirthdayReminder.release.xcconfig */ = {isa = PBXFileReference; includeInIndex = 1; lastKnownFileType = text.xcconfig; name = "Pods-BirthdayReminder.release.xcconfig"; path = "Target Support Files/Pods-BirthdayReminder/Pods-BirthdayReminder.release.xcconfig"; sourceTree = "<group>"; };
		6E613E6C24EA5FD4F108D50A /* Pods_BirthdayReminder.framework */ = {isa = PBXFileReference; explicitFileType = wrapper.framework; includeInIndex = 0; path = Pods_BirthdayReminder.framework; sourceTree = BUILT_PRODUCTS_DIR; };
		AAA1C40624CDC4210078FFA3 /* BirthdayReminder.app */ = {isa = PBXFileReference; explicitFileType = wrapper.application; includeInIndex = 0; path = BirthdayReminder.app; sourceTree = BUILT_PRODUCTS_DIR; };
		AAA1C40924CDC4210078FFA3 /* AppDelegate.swift */ = {isa = PBXFileReference; lastKnownFileType = sourcecode.swift; path = AppDelegate.swift; sourceTree = "<group>"; };
		AAA1C40B24CDC4210078FFA3 /* SceneDelegate.swift */ = {isa = PBXFileReference; lastKnownFileType = sourcecode.swift; path = SceneDelegate.swift; sourceTree = "<group>"; };
		AAA1C40D24CDC4210078FFA3 /* ViewController.swift */ = {isa = PBXFileReference; lastKnownFileType = sourcecode.swift; path = ViewController.swift; sourceTree = "<group>"; };
		AAA1C41024CDC4210078FFA3 /* Base */ = {isa = PBXFileReference; lastKnownFileType = file.storyboard; name = Base; path = Base.lproj/Main.storyboard; sourceTree = "<group>"; };
		AAA1C41224CDC4240078FFA3 /* Assets.xcassets */ = {isa = PBXFileReference; lastKnownFileType = folder.assetcatalog; path = Assets.xcassets; sourceTree = "<group>"; };
		AAA1C41524CDC4240078FFA3 /* Base */ = {isa = PBXFileReference; lastKnownFileType = file.storyboard; name = Base; path = Base.lproj/LaunchScreen.storyboard; sourceTree = "<group>"; };
		AAA1C41724CDC4240078FFA3 /* Info.plist */ = {isa = PBXFileReference; lastKnownFileType = text.plist.xml; path = Info.plist; sourceTree = "<group>"; };
		BC0CC0165440A83A4FEB70B9 /* Pods-BirthdayReminder.debug.xcconfig */ = {isa = PBXFileReference; includeInIndex = 1; lastKnownFileType = text.xcconfig; name = "Pods-BirthdayReminder.debug.xcconfig"; path = "Target Support Files/Pods-BirthdayReminder/Pods-BirthdayReminder.debug.xcconfig"; sourceTree = "<group>"; };
/* End PBXFileReference section */

/* Begin PBXFrameworksBuildPhase section */
		AAA1C40324CDC4210078FFA3 /* Frameworks */ = {
			isa = PBXFrameworksBuildPhase;
			buildActionMask = 2147483647;
			files = (
				E0B0C8B954AD788982E36A5A /* Pods_BirthdayReminder.framework in Frameworks */,
			);
			runOnlyForDeploymentPostprocessing = 0;
		};
/* End PBXFrameworksBuildPhase section */

/* Begin PBXGroup section */
		86FE2088A22AE97907443E20 /* Pods */ = {
			isa = PBXGroup;
			children = (
				BC0CC0165440A83A4FEB70B9 /* Pods-BirthdayReminder.debug.xcconfig */,
				13119B05AA391B1729C370B7 /* Pods-BirthdayReminder.release.xcconfig */,
			);
			name = Pods;
			path = Pods;
			sourceTree = "<group>";
		};
		AAA1C3FD24CDC4210078FFA3 = {
			isa = PBXGroup;
			children = (
				AAA1C40824CDC4210078FFA3 /* BirthdayReminder */,
				AAA1C40724CDC4210078FFA3 /* Products */,
				86FE2088A22AE97907443E20 /* Pods */,
				D8C285F9D3D9E57BEEDF0241 /* Frameworks */,
			);
			sourceTree = "<group>";
		};
		AAA1C40724CDC4210078FFA3 /* Products */ = {
			isa = PBXGroup;
			children = (
				AAA1C40624CDC4210078FFA3 /* BirthdayReminder.app */,
			);
			name = Products;
			sourceTree = "<group>";
		};
		AAA1C40824CDC4210078FFA3 /* BirthdayReminder */ = {
			isa = PBXGroup;
			children = (
				AAA1C40924CDC4210078FFA3 /* AppDelegate.swift */,
				AAA1C40B24CDC4210078FFA3 /* SceneDelegate.swift */,
				AAA1C40D24CDC4210078FFA3 /* ViewController.swift */,
				AAA1C40F24CDC4210078FFA3 /* Main.storyboard */,
				AAA1C41224CDC4240078FFA3 /* Assets.xcassets */,
				AAA1C41424CDC4240078FFA3 /* LaunchScreen.storyboard */,
				AAA1C41724CDC4240078FFA3 /* Info.plist */,
			);
			path = BirthdayReminder;
			sourceTree = "<group>";
		};
		D8C285F9D3D9E57BEEDF0241 /* Frameworks */ = {
			isa = PBXGroup;
			children = (
				6E613E6C24EA5FD4F108D50A /* Pods_BirthdayReminder.framework */,
			);
			name = Frameworks;
			sourceTree = "<group>";
		};
/* End PBXGroup section */

/* Begin PBXNativeTarget section */
		AAA1C40524CDC4210078FFA3 /* BirthdayReminder */ = {
			isa = PBXNativeTarget;
			buildConfigurationList = AAA1C41A24CDC4240078FFA3 /* Build configuration list for PBXNativeTarget "BirthdayReminder" */;
			buildPhases = (
				200DBB92F98FA09F225D0187 /* [CP] Check Pods Manifest.lock */,
				AAA1C40224CDC4210078FFA3 /* Sources */,
				AAA1C40324CDC4210078FFA3 /* Frameworks */,
				AAA1C40424CDC4210078FFA3 /* Resources */,
				95547AC440ED7F524701ED7F /* [CP] Embed Pods Frameworks */,
			);
			buildRules = (
			);
			dependencies = (
			);
			name = BirthdayReminder;
			productName = BirthdayReminder;
			productReference = AAA1C40624CDC4210078FFA3 /* BirthdayReminder.app */;
			productType = "com.apple.product-type.application";
		};
/* End PBXNativeTarget section */

/* Begin PBXProject section */
		AAA1C3FE24CDC4210078FFA3 /* Project object */ = {
			isa = PBXProject;
			attributes = {
				LastSwiftUpdateCheck = 1160;
				LastUpgradeCheck = 1160;
				ORGANIZATIONNAME = 95Design;
				TargetAttributes = {
					AAA1C40524CDC4210078FFA3 = {
						CreatedOnToolsVersion = 11.6;
					};
				};
			};
			buildConfigurationList = AAA1C40124CDC4210078FFA3 /* Build configuration list for PBXProject "BirthdayReminder" */;
			compatibilityVersion = "Xcode 9.3";
			developmentRegion = en;
			hasScannedForEncodings = 0;
			knownRegions = (
				en,
				Base,
			);
			mainGroup = AAA1C3FD24CDC4210078FFA3;
			productRefGroup = AAA1C40724CDC4210078FFA3 /* Products */;
			projectDirPath = "";
			projectRoot = "";
			targets = (
				AAA1C40524CDC4210078FFA3 /* BirthdayReminder */,
			);
		};
/* End PBXProject section */

/* Begin PBXResourcesBuildPhase section */
		AAA1C40424CDC4210078FFA3 /* Resources */ = {
			isa = PBXResourcesBuildPhase;
			buildActionMask = 2147483647;
			files = (
				AAA1C41624CDC4240078FFA3 /* LaunchScreen.storyboard in Resources */,
				AAA1C41324CDC4240078FFA3 /* Assets.xcassets in Resources */,
				AAA1C41124CDC4210078FFA3 /* Main.storyboard in Resources */,
			);
			runOnlyForDeploymentPostprocessing = 0;
		};
/* End PBXResourcesBuildPhase section */

/* Begin PBXShellScriptBuildPhase section */
		200DBB92F98FA09F225D0187 /* [CP] Check Pods Manifest.lock */ = {
			isa = PBXShellScriptBuildPhase;
			buildActionMask = 2147483647;
			files = (
			);
			inputFileListPaths = (
			);
			inputPaths = (
				"${PODS_PODFILE_DIR_PATH}/Podfile.lock",
				"${PODS_ROOT}/Manifest.lock",
			);
			name = "[CP] Check Pods Manifest.lock";
			outputFileListPaths = (
			);
			outputPaths = (
				"$(DERIVED_FILE_DIR)/Pods-BirthdayReminder-checkManifestLockResult.txt",
			);
			runOnlyForDeploymentPostprocessing = 0;
			shellPath = /bin/sh;
			shellScript = "diff \"${PODS_PODFILE_DIR_PATH}/Podfile.lock\" \"${PODS_ROOT}/Manifest.lock\" > /dev/null\nif [ $? != 0 ] ; then\n    # print error to STDERR\n    echo \"error: The sandbox is not in sync with the Podfile.lock. Run 'pod install' or update your CocoaPods installation.\" >&2\n    exit 1\nfi\n# This output is used by Xcode 'outputs' to avoid re-running this script phase.\necho \"SUCCESS\" > \"${SCRIPT_OUTPUT_FILE_0}\"\n";
			showEnvVarsInLog = 0;
		};
		95547AC440ED7F524701ED7F /* [CP] Embed Pods Frameworks */ = {
			isa = PBXShellScriptBuildPhase;
			buildActionMask = 2147483647;
			files = (
			);
			inputFileListPaths = (
				"${PODS_ROOT}/Target Support Files/Pods-BirthdayReminder/Pods-BirthdayReminder-frameworks-${CONFIGURATION}-input-files.xcfilelist",
			);
			name = "[CP] Embed Pods Frameworks";
			outputFileListPaths = (
				"${PODS_ROOT}/Target Support Files/Pods-BirthdayReminder/Pods-BirthdayReminder-frameworks-${CONFIGURATION}-output-files.xcfilelist",
			);
			runOnlyForDeploymentPostprocessing = 0;
			shellPath = /bin/sh;
			shellScript = "\"${PODS_ROOT}/Target Support Files/Pods-BirthdayReminder/Pods-BirthdayReminder-frameworks.sh\"\n";
			showEnvVarsInLog = 0;
		};
/* End PBXShellScriptBuildPhase section */

/* Begin PBXSourcesBuildPhase section */
		AAA1C40224CDC4210078FFA3 /* Sources */ = {
			isa = PBXSourcesBuildPhase;
			buildActionMask = 2147483647;
			files = (
				AAA1C40E24CDC4210078FFA3 /* ViewController.swift in Sources */,
				AAA1C40A24CDC4210078FFA3 /* AppDelegate.swift in Sources */,
				AAA1C40C24CDC4210078FFA3 /* SceneDelegate.swift in Sources */,
			);
			runOnlyForDeploymentPostprocessing = 0;
		};
/* End PBXSourcesBuildPhase section */

/* Begin PBXVariantGroup section */
		AAA1C40F24CDC4210078FFA3 /* Main.storyboard */ = {
			isa = PBXVariantGroup;
			children = (
				AAA1C41024CDC4210078FFA3 /* Base */,
			);
			name = Main.storyboard;
			sourceTree = "<group>";
		};
		AAA1C41424CDC4240078FFA3 /* LaunchScreen.storyboard */ = {
			isa = PBXVariantGroup;
			children = (
				AAA1C41524CDC4240078FFA3 /* Base */,
			);
			name = LaunchScreen.storyboard;
			sourceTree = "<group>";
		};
/* End PBXVariantGroup section */

/* Begin XCBuildConfiguration section */
		AAA1C41824CDC4240078FFA3 /* Debug */ = {
			isa = XCBuildConfiguration;
			buildSettings = {
				ALWAYS_SEARCH_USER_PATHS = NO;
				CLANG_ANALYZER_NONNULL = YES;
				CLANG_ANALYZER_NUMBER_OBJECT_CONVERSION = YES_AGGRESSIVE;
				CLANG_CXX_LANGUAGE_STANDARD = "gnu++14";
				CLANG_CXX_LIBRARY = "libc++";
				CLANG_ENABLE_MODULES = YES;
				CLANG_ENABLE_OBJC_ARC = YES;
				CLANG_ENABLE_OBJC_WEAK = YES;
				CLANG_WARN_BLOCK_CAPTURE_AUTORELEASING = YES;
				CLANG_WARN_BOOL_CONVERSION = YES;
				CLANG_WARN_COMMA = YES;
				CLANG_WARN_CONSTANT_CONVERSION = YES;
				CLANG_WARN_DEPRECATED_OBJC_IMPLEMENTATIONS = YES;
				CLANG_WARN_DIRECT_OBJC_ISA_USAGE = YES_ERROR;
				CLANG_WARN_DOCUMENTATION_COMMENTS = YES;
				CLANG_WARN_EMPTY_BODY = YES;
				CLANG_WARN_ENUM_CONVERSION = YES;
				CLANG_WARN_INFINITE_RECURSION = YES;
				CLANG_WARN_INT_CONVERSION = YES;
				CLANG_WARN_NON_LITERAL_NULL_CONVERSION = YES;
				CLANG_WARN_OBJC_IMPLICIT_RETAIN_SELF = YES;
				CLANG_WARN_OBJC_LITERAL_CONVERSION = YES;
				CLANG_WARN_OBJC_ROOT_CLASS = YES_ERROR;
				CLANG_WARN_RANGE_LOOP_ANALYSIS = YES;
				CLANG_WARN_STRICT_PROTOTYPES = YES;
				CLANG_WARN_SUSPICIOUS_MOVE = YES;
				CLANG_WARN_UNGUARDED_AVAILABILITY = YES_AGGRESSIVE;
				CLANG_WARN_UNREACHABLE_CODE = YES;
				CLANG_WARN__DUPLICATE_METHOD_MATCH = YES;
				COPY_PHASE_STRIP = NO;
				DEBUG_INFORMATION_FORMAT = dwarf;
				ENABLE_STRICT_OBJC_MSGSEND = YES;
				ENABLE_TESTABILITY = YES;
				GCC_C_LANGUAGE_STANDARD = gnu11;
				GCC_DYNAMIC_NO_PIC = NO;
				GCC_NO_COMMON_BLOCKS = YES;
				GCC_OPTIMIZATION_LEVEL = 0;
				GCC_PREPROCESSOR_DEFINITIONS = (
					"DEBUG=1",
					"$(inherited)",
				);
				GCC_WARN_64_TO_32_BIT_CONVERSION = YES;
				GCC_WARN_ABOUT_RETURN_TYPE = YES_ERROR;
				GCC_WARN_UNDECLARED_SELECTOR = YES;
				GCC_WARN_UNINITIALIZED_AUTOS = YES_AGGRESSIVE;
				GCC_WARN_UNUSED_FUNCTION = YES;
				GCC_WARN_UNUSED_VARIABLE = YES;
				IPHONEOS_DEPLOYMENT_TARGET = 13.6;
				MTL_ENABLE_DEBUG_INFO = INCLUDE_SOURCE;
				MTL_FAST_MATH = YES;
				ONLY_ACTIVE_ARCH = YES;
				SDKROOT = iphoneos;
				SWIFT_ACTIVE_COMPILATION_CONDITIONS = DEBUG;
				SWIFT_OPTIMIZATION_LEVEL = "-Onone";
			};
			name = Debug;
		};
		AAA1C41924CDC4240078FFA3 /* Release */ = {
			isa = XCBuildConfiguration;
			buildSettings = {
				ALWAYS_SEARCH_USER_PATHS = NO;
				CLANG_ANALYZER_NONNULL = YES;
				CLANG_ANALYZER_NUMBER_OBJECT_CONVERSION = YES_AGGRESSIVE;
				CLANG_CXX_LANGUAGE_STANDARD = "gnu++14";
				CLANG_CXX_LIBRARY = "libc++";
				CLANG_ENABLE_MODULES = YES;
				CLANG_ENABLE_OBJC_ARC = YES;
				CLANG_ENABLE_OBJC_WEAK = YES;
				CLANG_WARN_BLOCK_CAPTURE_AUTORELEASING = YES;
				CLANG_WARN_BOOL_CONVERSION = YES;
				CLANG_WARN_COMMA = YES;
				CLANG_WARN_CONSTANT_CONVERSION = YES;
				CLANG_WARN_DEPRECATED_OBJC_IMPLEMENTATIONS = YES;
				CLANG_WARN_DIRECT_OBJC_ISA_USAGE = YES_ERROR;
				CLANG_WARN_DOCUMENTATION_COMMENTS = YES;
				CLANG_WARN_EMPTY_BODY = YES;
				CLANG_WARN_ENUM_CONVERSION = YES;
				CLANG_WARN_INFINITE_RECURSION = YES;
				CLANG_WARN_INT_CONVERSION = YES;
				CLANG_WARN_NON_LITERAL_NULL_CONVERSION = YES;
				CLANG_WARN_OBJC_IMPLICIT_RETAIN_SELF = YES;
				CLANG_WARN_OBJC_LITERAL_CONVERSION = YES;
				CLANG_WARN_OBJC_ROOT_CLASS = YES_ERROR;
				CLANG_WARN_RANGE_LOOP_ANALYSIS = YES;
				CLANG_WARN_STRICT_PROTOTYPES = YES;
				CLANG_WARN_SUSPICIOUS_MOVE = YES;
				CLANG_WARN_UNGUARDED_AVAILABILITY = YES_AGGRESSIVE;
				CLANG_WARN_UNREACHABLE_CODE = YES;
				CLANG_WARN__DUPLICATE_METHOD_MATCH = YES;
				COPY_PHASE_STRIP = NO;
				DEBUG_INFORMATION_FORMAT = "dwarf-with-dsym";
				ENABLE_NS_ASSERTIONS = NO;
				ENABLE_STRICT_OBJC_MSGSEND = YES;
				GCC_C_LANGUAGE_STANDARD = gnu11;
				GCC_NO_COMMON_BLOCKS = YES;
				GCC_WARN_64_TO_32_BIT_CONVERSION = YES;
				GCC_WARN_ABOUT_RETURN_TYPE = YES_ERROR;
				GCC_WARN_UNDECLARED_SELECTOR = YES;
				GCC_WARN_UNINITIALIZED_AUTOS = YES_AGGRESSIVE;
				GCC_WARN_UNUSED_FUNCTION = YES;
				GCC_WARN_UNUSED_VARIABLE = YES;
				IPHONEOS_DEPLOYMENT_TARGET = 13.6;
				MTL_ENABLE_DEBUG_INFO = NO;
				MTL_FAST_MATH = YES;
				SDKROOT = iphoneos;
				SWIFT_COMPILATION_MODE = wholemodule;
				SWIFT_OPTIMIZATION_LEVEL = "-O";
				VALIDATE_PRODUCT = YES;
			};
			name = Release;
		};
		AAA1C41B24CDC4240078FFA3 /* Debug */ = {
			isa = XCBuildConfiguration;
			baseConfigurationReference = BC0CC0165440A83A4FEB70B9 /* Pods-BirthdayReminder.debug.xcconfig */;
			buildSettings = {
				ASSETCATALOG_COMPILER_APPICON_NAME = AppIcon;
				CODE_SIGN_STYLE = Automatic;
				DEVELOPMENT_TEAM = R8D3TFCC85;
				INFOPLIST_FILE = BirthdayReminder/Info.plist;
				LD_RUNPATH_SEARCH_PATHS = (
					"$(inherited)",
					"@executable_path/Frameworks",
				);
				PRODUCT_BUNDLE_IDENTIFIER = co.uk.95design.BirthdayReminder;
				PRODUCT_NAME = "$(TARGET_NAME)";
				SWIFT_VERSION = 5.0;
				TARGETED_DEVICE_FAMILY = "1,2";
			};
			name = Debug;
		};
		AAA1C41C24CDC4240078FFA3 /* Release */ = {
			isa = XCBuildConfiguration;
			baseConfigurationReference = 13119B05AA391B1729C370B7 /* Pods-BirthdayReminder.release.xcconfig */;
			buildSettings = {
				ASSETCATALOG_COMPILER_APPICON_NAME = AppIcon;
				CODE_SIGN_STYLE = Automatic;
				DEVELOPMENT_TEAM = R8D3TFCC85;
				INFOPLIST_FILE = BirthdayReminder/Info.plist;
				LD_RUNPATH_SEARCH_PATHS = (
					"$(inherited)",
					"@executable_path/Frameworks",
				);
				PRODUCT_BUNDLE_IDENTIFIER = co.uk.95design.BirthdayReminder;
				PRODUCT_NAME = "$(TARGET_NAME)";
				SWIFT_VERSION = 5.0;
				TARGETED_DEVICE_FAMILY = "1,2";
			};
			name = Release;
		};
/* End XCBuildConfiguration section */

/* Begin XCConfigurationList section */
		AAA1C40124CDC4210078FFA3 /* Build configuration list for PBXProject "BirthdayReminder" */ = {
			isa = XCConfigurationList;
			buildConfigurations = (
				AAA1C41824CDC4240078FFA3 /* Debug */,
				AAA1C41924CDC4240078FFA3 /* Release */,
			);
			defaultConfigurationIsVisible = 0;
			defaultConfigurationName = Release;
		};
		AAA1C41A24CDC4240078FFA3 /* Build configuration list for PBXNativeTarget "BirthdayReminder" */ = {
			isa = XCConfigurationList;
			buildConfigurations = (
				AAA1C41B24CDC4240078FFA3 /* Debug */,
				AAA1C41C24CDC4240078FFA3 /* Release */,
			);
			defaultConfigurationIsVisible = 0;
			defaultConfigurationName = Release;
		};
/* End XCConfigurationList section */
	};
	rootObject = AAA1C3FE24CDC4210078FFA3 /* Project object */;
}
